github.com/ajstarks/svgo v0.0.0-20200320125537-f189e35d30ca h1:kWzLcty5V2rzOqJM7Tp/MfSX0RMSI1x4IOLApEefYxA=
github.com/ajstarks/svgo v0.0.0-20200320125537-f189e35d30ca/go.mod h1:K08gAheRH3/J6wwsYMMT4xOr94bZjxIelGM0+d/wbFw=
github.com/dave/jennifer v1.4.0/go.mod h1:fIb+770HOpJ2fmN9EPPKOqm1vMGhB+TwXKMZhrIygKg=
github.com/davecgh/go-spew v1.1.0 h1:ZDRjVQ15GmhC3fiQ8ni8+OwkZQO4DARzQgrnXU1Liz8=
github.com/davecgh/go-spew v1.1.0/go.mod h1:J7Y8YcW2NihsgmVo/mv3lAwl/skON4iLHjSsI+c5H38=
github.com/pmezard/go-difflib v1.0.0 h1:4DBwDE0NGyQoBHbLQYPwSUPoCMWR5BEzIk/f1lZbAQM=
github.com/pmezard/go-difflib v1.0.0/go.mod h1:iKH77koFhYxTK1pcRnkKkqfTogsbg7gZNVY4sRDYZ/4=
github.com/real-life-td/game-core v1.1.0 h1:/8aHgUyyWokxRm4BZ/OJvZDEizDbR+HdQ2Jxqc8BFUM=
github.com/real-life-td/game-core v1.1.0/go.mod h1:Kv25YHv273lWmqiJyBCThxfJdyNF2UuNqQJGI7/AZzs=
github.com/real-life-td/game-core v1.2.0 h1:ikqqfvDVtvh7gwmzRXcUJcoR89h7RILhdx/sLOwBBoA=
github.com/real-life-td/game-core v1.2.0/go.mod h1:Kv25YHv273lWmqiJyBCThxfJdyNF2UuNqQJGI7/AZzs=
github.com/real-life-td/game-core v1.4.0 h1:jdMHEekp2sBFX3/qRhSHRCrH6XNx3qiLzCRhHj4fC1E=
github.com/real-life-td/game-core v1.4.0/go.mod h1:NchNMhn7iOM64Cyjgj1CUs6pdZpdCOVV1P/N+EmMfpc=
github.com/real-life-td/game-core v1.5.0 h1:L8Kdd/eBwj85WKrmZ6aAxYoeuscfMCMz+80OGd8ndjw=
github.com/real-life-td/game-core v1.5.0/go.mod h1:hs8OxYbj2+fhnQmp65TekkFPpf46Mm510SKmMhiIlKA=
github.com/real-life-td/math v1.3.0 h1:oOegePw5VQN2ToHDfpuRqIxdjV+Mvvxd85Fx1f6FjVI=
github.com/real-life-td/math v1.3.0/go.mod h1:XYtqdYjnTybZ4UxtXpNvFBZcHlVip3Jbacvx/tDy9ys=
github.com/real-life-td/math v1.4.0 h1:VZ1Lo+VIG9pccjdISMhqbJMYBF0jo1i7AWQuHt2cDeA=
github.com/real-life-td/math v1.4.0/go.mod h1:XYtqdYjnTybZ4UxtXpNvFBZcHlVip3Jbacvx/tDy9ys=
github.com/real-life-td/math v1.5.0 h1:EToK/bccLEhWNjsxMzWhOHkNgC+q0zinNtXC4amtnvA=
github.com/real-life-td/math v1.5.0/go.mod h1:XYtqdYjnTybZ4UxtXpNvFBZcHlVip3Jbacvx/tDy9ys=
github.com/stretchr/objx v0.1.0 h1:4G4v2dO3VZwixGIRoQ5Lfboy6nUhCyYzaqnIAPPhYs4=
github.com/stretchr/objx v0.1.0/go.mod h1:HFkY916IF+rwdDfMAkV7OtwuqBVzrE8GR6GFx+wExME=
github.com/stretchr/testify v1.5.1 h1:nOGnQDM7FYENwehXlg/kFVnos3rEvtKTjRvOWSzb6H4=
github.com/stretchr/testify v1.5.1/go.mod h1:5W2xD1RspED5o8YsWQXVCued0rvSQ+mT+I5cxcmMvtA=
gopkg.in/check.v1 v0.0.0-20161208181325-20d25e280405/go.mod h1:Co6ibVJAznAaIkqp8huTwlJQCZ016jof/cbN4VW5Yz0=
gopkg.in/yaml.v2 v2.2.2 h1:ZCJp+EgiOT7lHqUV2J862kp8Qj64Jo6az82+3Td9dZw=
gopkg.in/yaml.v2 v2.2.2/go.mod h1:hI93XBmqTisBFMUTm0b8Fm+jr3Dg1NNxqwp+5A1VGuI=
